
Microsoft Visual Studio Solution File, Format Version 12.00
# Visual Studio Version 16
VisualStudioVersion = 25.0.1706.7
MinimumVisualStudioVersion = 10.0.40219.1
Project("{FAE04EC0-301F-11D3-BF4B-00C04F79EFBC}") = "notes.Net.8", "notes.Net.8\notes.Net.8.csproj", "{FE7303B5-B80E-44E5-9E31-6A25B955C006}"
EndProject
Global
	GlobalSection(SolutionConfigurationPlatforms) = preSolution
		Debug|Any CPU = Debug|Any CPU
		Release|Any CPU = Release|Any CPU
	EndGlobalSection
	GlobalSection(ProjectConfigurationPlatforms) = postSolution
		{FE7303B5-B80E-44E5-9E31-6A25B955C006}.Debug|Any CPU.ActiveCfg = Debug|Any CPU
		{FE7303B5-B80E-44E5-9E31-6A25B955C006}.Debug|Any CPU.Build.0 = Debug|Any CPU
		{FE7303B5-B80E-44E5-9E31-6A25B955C006}.Release|Any CPU.ActiveCfg = Release|Any CPU
		{FE7303B5-B80E-44E5-9E31-6A25B955C006}.Release|Any CPU.Build.0 = Release|Any CPU
	EndGlobalSection
	GlobalSection(SolutionProperties) = preSolution
		HideSolutionNode = FALSE
	EndGlobalSection
	GlobalSection(ExtensibilityGlobals) = postSolution
		SolutionGuid = {2C71DA1A-1F37-44B5-92E6-CAD4A224C41A}
	EndGlobalSection
EndGlobal
